
Microsoft Visual Studio Solution File, Format Version 12.00
# Visual Studio Version 17
VisualStudioVersion = 17.0.31903.59
MinimumVisualStudioVersion = 10.0.40219.1
Project("{FAE04EC0-301F-11D3-BF4B-00C04F79EFBC}") = "WMJ.FractionLibrary", "WMJ.FractionLibrary\WMJ.FractionLibrary.csproj", "{1F4EECD5-85B7-4C16-86BB-5DB9CDF41539}"
EndProject
Project("{FAE04EC0-301F-11D3-BF4B-00C04F79EFBC}") = "Test.FractionLibrary", "Test.FractionLibrary\Test.FractionLibrary.csproj", "{025EBF02-BCB7-49D9-B586-D0A1B07E5C63}"
EndProject
Global
	GlobalSection(SolutionConfigurationPlatforms) = preSolution
		Debug|Any CPU = Debug|Any CPU
		Release|Any CPU = Release|Any CPU
	EndGlobalSection
	GlobalSection(SolutionProperties) = preSolution
		HideSolutionNode = FALSE
	EndGlobalSection
	GlobalSection(ProjectConfigurationPlatforms) = postSolution
		{1F4EECD5-85B7-4C16-86BB-5DB9CDF41539}.Debug|Any CPU.ActiveCfg = Debug|Any CPU
		{1F4EECD5-85B7-4C16-86BB-5DB9CDF41539}.Debug|Any CPU.Build.0 = Debug|Any CPU
		{1F4EECD5-85B7-4C16-86BB-5DB9CDF41539}.Release|Any CPU.ActiveCfg = Release|Any CPU
		{1F4EECD5-85B7-4C16-86BB-5DB9CDF41539}.Release|Any CPU.Build.0 = Release|Any CPU
		{025EBF02-BCB7-49D9-B586-D0A1B07E5C63}.Debug|Any CPU.ActiveCfg = Debug|Any CPU
		{025EBF02-BCB7-49D9-B586-D0A1B07E5C63}.Debug|Any CPU.Build.0 = Debug|Any CPU
		{025EBF02-BCB7-49D9-B586-D0A1B07E5C63}.Release|Any CPU.ActiveCfg = Release|Any CPU
		{025EBF02-BCB7-49D9-B586-D0A1B07E5C63}.Release|Any CPU.Build.0 = Release|Any CPU
	EndGlobalSection
EndGlobal
